
Microsoft Visual Studio Solution File, Format Version 12.00
# Visual Studio 15
VisualStudioVersion = 15.0.28307.168
MinimumVisualStudioVersion = 10.0.40219.1
Project("{FAE04EC0-301F-11D3-BF4B-00C04F79EFBC}") = "Lab1", "Lab1\Lab1.csproj", "{F711C816-FA23-4C6E-9D7D-6C5D77561367}"
EndProject
Project("{FAE04EC0-301F-11D3-BF4B-00C04F79EFBC}") = "Lab2", "ConsoleApp1\Lab2.csproj", "{819D6D79-A5F3-41DB-9A05-7A8110F09B90}"
EndProject
Global
	GlobalSection(SolutionConfigurationPlatforms) = preSolution
		Debug|Any CPU = Debug|Any CPU
		Release|Any CPU = Release|Any CPU
	EndGlobalSection
	GlobalSection(ProjectConfigurationPlatforms) = postSolution
		{F711C816-FA23-4C6E-9D7D-6C5D77561367}.Debug|Any CPU.ActiveCfg = Debug|Any CPU
		{F711C816-FA23-4C6E-9D7D-6C5D77561367}.Debug|Any CPU.Build.0 = Debug|Any CPU
		{F711C816-FA23-4C6E-9D7D-6C5D77561367}.Release|Any CPU.ActiveCfg = Release|Any CPU
		{F711C816-FA23-4C6E-9D7D-6C5D77561367}.Release|Any CPU.Build.0 = Release|Any CPU
		{819D6D79-A5F3-41DB-9A05-7A8110F09B90}.Debug|Any CPU.ActiveCfg = Debug|Any CPU
		{819D6D79-A5F3-41DB-9A05-7A8110F09B90}.Debug|Any CPU.Build.0 = Debug|Any CPU
		{819D6D79-A5F3-41DB-9A05-7A8110F09B90}.Release|Any CPU.ActiveCfg = Release|Any CPU
		{819D6D79-A5F3-41DB-9A05-7A8110F09B90}.Release|Any CPU.Build.0 = Release|Any CPU
	EndGlobalSection
	GlobalSection(SolutionProperties) = preSolution
		HideSolutionNode = FALSE
	EndGlobalSection
	GlobalSection(ExtensibilityGlobals) = postSolution
		SolutionGuid = {CF3D3B65-C877-4F5F-88F8-28741BBFFE6B}
	EndGlobalSection
EndGlobal
